
Microsoft Visual Studio Solution File, Format Version 12.00
# Visual Studio Version 17
VisualStudioVersion = 17.4.33213.308
MinimumVisualStudioVersion = 10.0.40219.1
Project("{9A19103F-16F7-4668-BE54-9A1E7A4F7556}") = "LeedManagement", "BugTrackingSys\LeedManagement.csproj", "{7405F56D-CC7C-4804-97D3-B2C47E6A443A}"
EndProject
Global
	GlobalSection(SolutionConfigurationPlatforms) = preSolution
		Debug|Any CPU = Debug|Any CPU
		Release|Any CPU = Release|Any CPU
	EndGlobalSection
	GlobalSection(ProjectConfigurationPlatforms) = postSolution
		{7405F56D-CC7C-4804-97D3-B2C47E6A443A}.Debug|Any CPU.ActiveCfg = Debug|Any CPU
		{7405F56D-CC7C-4804-97D3-B2C47E6A443A}.Debug|Any CPU.Build.0 = Debug|Any CPU
		{7405F56D-CC7C-4804-97D3-B2C47E6A443A}.Release|Any CPU.ActiveCfg = Release|Any CPU
		{7405F56D-CC7C-4804-97D3-B2C47E6A443A}.Release|Any CPU.Build.0 = Release|Any CPU
	EndGlobalSection
	GlobalSection(SolutionProperties) = preSolution
		HideSolutionNode = FALSE
	EndGlobalSection
	GlobalSection(ExtensibilityGlobals) = postSolution
		SolutionGuid = {573CAB19-5A70-48F5-9FC2-60BEA499E57C}
	EndGlobalSection
EndGlobal
